
Microsoft Visual Studio Solution File, Format Version 12.00
# Visual Studio Version 17
VisualStudioVersion = 17.8.34316.72
MinimumVisualStudioVersion = 10.0.40219.1
Project("{FAE04EC0-301F-11D3-BF4B-00C04F79EFBC}") = "UsandoSplit", "UsandoSplit\UsandoSplit.csproj", "{222088DE-C50B-4364-BCE5-A369FF77296C}"
EndProject
Global
	GlobalSection(SolutionConfigurationPlatforms) = preSolution
		Debug|Any CPU = Debug|Any CPU
		Release|Any CPU = Release|Any CPU
	EndGlobalSection
	GlobalSection(ProjectConfigurationPlatforms) = postSolution
		{222088DE-C50B-4364-BCE5-A369FF77296C}.Debug|Any CPU.ActiveCfg = Debug|Any CPU
		{222088DE-C50B-4364-BCE5-A369FF77296C}.Debug|Any CPU.Build.0 = Debug|Any CPU
		{222088DE-C50B-4364-BCE5-A369FF77296C}.Release|Any CPU.ActiveCfg = Release|Any CPU
		{222088DE-C50B-4364-BCE5-A369FF77296C}.Release|Any CPU.Build.0 = Release|Any CPU
	EndGlobalSection
	GlobalSection(SolutionProperties) = preSolution
		HideSolutionNode = FALSE
	EndGlobalSection
	GlobalSection(ExtensibilityGlobals) = postSolution
		SolutionGuid = {E1DDF8AA-95B4-451A-B8C1-91B81D5045A8}
	EndGlobalSection
EndGlobal
